
Microsoft Visual Studio Solution File, Format Version 12.00
# Visual Studio Version 17
VisualStudioVersion = 17.8.34309.116
MinimumVisualStudioVersion = 10.0.40219.1
Project("{FAE04EC0-301F-11D3-BF4B-00C04F79EFBC}") = "API", "API.csproj", "{AC4F38EA-9F02-4E1C-99A0-A1DC2C77B6CA}"
EndProject
Global
	GlobalSection(SolutionConfigurationPlatforms) = preSolution
		Debug|Any CPU = Debug|Any CPU
		Release|Any CPU = Release|Any CPU
	EndGlobalSection
	GlobalSection(ProjectConfigurationPlatforms) = postSolution
		{AC4F38EA-9F02-4E1C-99A0-A1DC2C77B6CA}.Debug|Any CPU.ActiveCfg = Debug|Any CPU
		{AC4F38EA-9F02-4E1C-99A0-A1DC2C77B6CA}.Debug|Any CPU.Build.0 = Debug|Any CPU
		{AC4F38EA-9F02-4E1C-99A0-A1DC2C77B6CA}.Release|Any CPU.ActiveCfg = Release|Any CPU
		{AC4F38EA-9F02-4E1C-99A0-A1DC2C77B6CA}.Release|Any CPU.Build.0 = Release|Any CPU
	EndGlobalSection
	GlobalSection(SolutionProperties) = preSolution
		HideSolutionNode = FALSE
	EndGlobalSection
	GlobalSection(ExtensibilityGlobals) = postSolution
		SolutionGuid = {B9257712-EF0A-4F92-A0FE-045E23A3299B}
	EndGlobalSection
EndGlobal
